
Microsoft Visual Studio Solution File, Format Version 12.00
# Visual Studio Version 17
VisualStudioVersion = 17.9.34607.119
MinimumVisualStudioVersion = 10.0.40219.1
Project("{FAE04EC0-301F-11D3-BF4B-00C04F79EFBC}") = "week 2 lesson 8 exercise nr.5", "week 2 lesson 8 exercise nr.5\week 2 lesson 8 exercise nr.5.csproj", "{0FD28605-36B8-43F7-8368-5B8A53D7B1AA}"
EndProject
Global
	GlobalSection(SolutionConfigurationPlatforms) = preSolution
		Debug|Any CPU = Debug|Any CPU
		Release|Any CPU = Release|Any CPU
	EndGlobalSection
	GlobalSection(ProjectConfigurationPlatforms) = postSolution
		{0FD28605-36B8-43F7-8368-5B8A53D7B1AA}.Debug|Any CPU.ActiveCfg = Debug|Any CPU
		{0FD28605-36B8-43F7-8368-5B8A53D7B1AA}.Debug|Any CPU.Build.0 = Debug|Any CPU
		{0FD28605-36B8-43F7-8368-5B8A53D7B1AA}.Release|Any CPU.ActiveCfg = Release|Any CPU
		{0FD28605-36B8-43F7-8368-5B8A53D7B1AA}.Release|Any CPU.Build.0 = Release|Any CPU
	EndGlobalSection
	GlobalSection(SolutionProperties) = preSolution
		HideSolutionNode = FALSE
	EndGlobalSection
	GlobalSection(ExtensibilityGlobals) = postSolution
		SolutionGuid = {0D78BD88-D5F2-40C2-874B-5C3CC3CF5C9D}
	EndGlobalSection
EndGlobal
